
Microsoft Visual Studio Solution File, Format Version 12.00
# Visual Studio 15
VisualStudioVersion = 15.0.26730.12
MinimumVisualStudioVersion = 10.0.40219.1
Project("{FAE04EC0-301F-11D3-BF4B-00C04F79EFBC}") = "CrossPlatformBasicLoginSystem.Android", "CrossPlatformBasicLoginSystem\CrossPlatformBasicLoginSystem.Android\CrossPlatformBasicLoginSystem.Android.csproj", "{1AD69597-7BDE-4F59-975B-BD555E7A47A6}"
EndProject
Project("{FAE04EC0-301F-11D3-BF4B-00C04F79EFBC}") = "CrossPlatformBasicLoginSystem", "CrossPlatformBasicLoginSystem\CrossPlatformBasicLoginSystem\CrossPlatformBasicLoginSystem.csproj", "{6055B054-61C9-416D-93CC-229E3237FE3E}"
EndProject
Project("{FAE04EC0-301F-11D3-BF4B-00C04F79EFBC}") = "CrossPlatformBasicLoginSystem.UWP", "CrossPlatformBasicLoginSystem\CrossPlatformBasicLoginSystem.UWP\CrossPlatformBasicLoginSystem.UWP.csproj", "{5FF53240-4C06-4AB2-8E98-DB30BC065D43}"
EndProject
Project("{FAE04EC0-301F-11D3-BF4B-00C04F79EFBC}") = "CrossPlatformBasicLoginSystem.iOS", "CrossPlatformBasicLoginSystem\CrossPlatformBasicLoginSystem.iOS\CrossPlatformBasicLoginSystem.iOS.csproj", "{C8A24755-BA7B-4373-8F14-CE0ED51278AD}"
EndProject
Global
	GlobalSection(SolutionConfigurationPlatforms) = preSolution
		Ad-Hoc|Any CPU = Ad-Hoc|Any CPU
		Ad-Hoc|ARM = Ad-Hoc|ARM
		Ad-Hoc|iPhone = Ad-Hoc|iPhone
		Ad-Hoc|iPhoneSimulator = Ad-Hoc|iPhoneSimulator
		Ad-Hoc|x64 = Ad-Hoc|x64
		Ad-Hoc|x86 = Ad-Hoc|x86
		AppStore|Any CPU = AppStore|Any CPU
		AppStore|ARM = AppStore|ARM
		AppStore|iPhone = AppStore|iPhone
		AppStore|iPhoneSimulator = AppStore|iPhoneSimulator
		AppStore|x64 = AppStore|x64
		AppStore|x86 = AppStore|x86
		Debug|Any CPU = Debug|Any CPU
		Debug|ARM = Debug|ARM
		Debug|iPhone = Debug|iPhone
		Debug|iPhoneSimulator = Debug|iPhoneSimulator
		Debug|x64 = Debug|x64
		Debug|x86 = Debug|x86
		Release|Any CPU = Release|Any CPU
		Release|ARM = Release|ARM
		Release|iPhone = Release|iPhone
		Release|iPhoneSimulator = Release|iPhoneSimulator
		Release|x64 = Release|x64
		Release|x86 = Release|x86
	EndGlobalSection
	GlobalSection(ProjectConfigurationPlatforms) = postSolution
		{1AD69597-7BDE-4F59-975B-BD555E7A47A6}.Ad-Hoc|Any CPU.ActiveCfg = Release|Any CPU
		{1AD69597-7BDE-4F59-975B-BD555E7A47A6}.Ad-Hoc|Any CPU.Build.0 = Release|Any CPU
		{1AD69597-7BDE-4F59-975B-BD555E7A47A6}.Ad-Hoc|Any CPU.Deploy.0 = Release|Any CPU
		{1AD69597-7BDE-4F59-975B-BD555E7A47A6}.Ad-Hoc|ARM.ActiveCfg = Release|Any CPU
		{1AD69597-7BDE-4F59-975B-BD555E7A47A6}.Ad-Hoc|ARM.Build.0 = Release|Any CPU
		{1AD69597-7BDE-4F59-975B-BD555E7A47A6}.Ad-Hoc|ARM.Deploy.0 = Release|Any CPU
		{1AD69597-7BDE-4F59-975B-BD555E7A47A6}.Ad-Hoc|iPhone.ActiveCfg = Release|Any CPU
		{1AD69597-7BDE-4F59-975B-BD555E7A47A6}.Ad-Hoc|iPhone.Build.0 = Release|Any CPU
		{1AD69597-7BDE-4F59-975B-BD555E7A47A6}.Ad-Hoc|iPhone.Deploy.0 = Release|Any CPU
		{1AD69597-7BDE-4F59-975B-BD555E7A47A6}.Ad-Hoc|iPhoneSimulator.ActiveCfg = Release|Any CPU
		{1AD69597-7BDE-4F59-975B-BD555E7A47A6}.Ad-Hoc|iPhoneSimulator.Build.0 = Release|Any CPU
		{1AD69597-7BDE-4F59-975B-BD555E7A47A6}.Ad-Hoc|iPhoneSimulator.Deploy.0 = Release|Any CPU
		{1AD69597-7BDE-4F59-975B-BD555E7A47A6}.Ad-Hoc|x64.ActiveCfg = Release|Any CPU
		{1AD69597-7BDE-4F59-975B-BD555E7A47A6}.Ad-Hoc|x64.Build.0 = Release|Any CPU
		{1AD69597-7BDE-4F59-975B-BD555E7A47A6}.Ad-Hoc|x64.Deploy.0 = Release|Any CPU
		{1AD69597-7BDE-4F59-975B-BD555E7A47A6}.Ad-Hoc|x86.ActiveCfg = Release|Any CPU
		{1AD69597-7BDE-4F59-975B-BD555E7A47A6}.Ad-Hoc|x86.Build.0 = Release|Any CPU
		{1AD69597-7BDE-4F59-975B-BD555E7A47A6}.Ad-Hoc|x86.Deploy.0 = Release|Any CPU
		{1AD69597-7BDE-4F59-975B-BD555E7A47A6}.AppStore|Any CPU.ActiveCfg = Release|Any CPU
		{1AD69597-7BDE-4F59-975B-BD555E7A47A6}.AppStore|Any CPU.Build.0 = Release|Any CPU
		{1AD69597-7BDE-4F59-975B-BD555E7A47A6}.AppStore|Any CPU.Deploy.0 = Release|Any CPU
		{1AD69597-7BDE-4F59-975B-BD555E7A47A6}.AppStore|ARM.ActiveCfg = Release|Any CPU
		{1AD69597-7BDE-4F59-975B-BD555E7A47A6}.AppStore|ARM.Build.0 = Release|Any CPU
		{1AD69597-7BDE-4F59-975B-BD555E7A47A6}.AppStore|ARM.Deploy.0 = Release|Any CPU
		{1AD69597-7BDE-4F59-975B-BD555E7A47A6}.AppStore|iPhone.ActiveCfg = Release|Any CPU
		{1AD69597-7BDE-4F59-975B-BD555E7A47A6}.AppStore|iPhone.Build.0 = Release|Any CPU
		{1AD69597-7BDE-4F59-975B-BD555E7A47A6}.AppStore|iPhone.Deploy.0 = Release|Any CPU
		{1AD69597-7BDE-4F59-975B-BD555E7A47A6}.AppStore|iPhoneSimulator.ActiveCfg = Release|Any CPU
		{1AD69597-7BDE-4F59-975B-BD555E7A47A6}.AppStore|iPhoneSimulator.Build.0 = Release|Any CPU
		{1AD69597-7BDE-4F59-975B-BD555E7A47A6}.AppStore|iPhoneSimulator.Deploy.0 = Release|Any CPU
		{1AD69597-7BDE-4F59-975B-BD555E7A47A6}.AppStore|x64.ActiveCfg = Release|Any CPU
		{1AD69597-7BDE-4F59-975B-BD555E7A47A6}.AppStore|x64.Build.0 = Release|Any CPU
		{1AD69597-7BDE-4F59-975B-BD555E7A47A6}.AppStore|x64.Deploy.0 = Release|Any CPU
		{1AD69597-7BDE-4F59-975B-BD555E7A47A6}.AppStore|x86.ActiveCfg = Release|Any CPU
		{1AD69597-7BDE-4F59-975B-BD555E7A47A6}.AppStore|x86.Build.0 = Release|Any CPU
		{1AD69597-7BDE-4F59-975B-BD555E7A47A6}.AppStore|x86.Deploy.0 = Release|Any CPU
		{1AD69597-7BDE-4F59-975B-BD555E7A47A6}.Debug|Any CPU.ActiveCfg = Debug|Any CPU
		{1AD69597-7BDE-4F59-975B-BD555E7A47A6}.Debug|Any CPU.Build.0 = Debug|Any CPU
		{1AD69597-7BDE-4F59-975B-BD555E7A47A6}.Debug|Any CPU.Deploy.0 = Debug|Any CPU
		{1AD69597-7BDE-4F59-975B-BD555E7A47A6}.Debug|ARM.ActiveCfg = Debug|Any CPU
		{1AD69597-7BDE-4F59-975B-BD555E7A47A6}.Debug|ARM.Build.0 = Debug|Any CPU
		{1AD69597-7BDE-4F59-975B-BD555E7A47A6}.Debug|ARM.Deploy.0 = Debug|Any CPU
		{1AD69597-7BDE-4F59-975B-BD555E7A47A6}.Debug|iPhone.ActiveCfg = Debug|Any CPU
		{1AD69597-7BDE-4F59-975B-BD555E7A47A6}.Debug|iPhone.Build.0 = Debug|Any CPU
		{1AD69597-7BDE-4F59-975B-BD555E7A47A6}.Debug|iPhone.Deploy.0 = Debug|Any CPU
		{1AD69597-7BDE-4F59-975B-BD555E7A47A6}.Debug|iPhoneSimulator.ActiveCfg = Debug|Any CPU
		{1AD69597-7BDE-4F59-975B-BD555E7A47A6}.Debug|iPhoneSimulator.Build.0 = Debug|Any CPU
		{1AD69597-7BDE-4F59-975B-BD555E7A47A6}.Debug|iPhoneSimulator.Deploy.0 = Debug|Any CPU
		{1AD69597-7BDE-4F59-975B-BD555E7A47A6}.Debug|x64.ActiveCfg = Debug|Any CPU
		{1AD69597-7BDE-4F59-975B-BD555E7A47A6}.Debug|x64.Build.0 = Debug|Any CPU
		{1AD69597-7BDE-4F59-975B-BD555E7A47A6}.Debug|x64.Deploy.0 = Debug|Any CPU
		{1AD69597-7BDE-4F59-975B-BD555E7A47A6}.Debug|x86.ActiveCfg = Debug|Any CPU
		{1AD69597-7BDE-4F59-975B-BD555E7A47A6}.Debug|x86.Build.0 = Debug|Any CPU
		{1AD69597-7BDE-4F59-975B-BD555E7A47A6}.Debug|x86.Deploy.0 = Debug|Any CPU
		{1AD69597-7BDE-4F59-975B-BD555E7A47A6}.Release|Any CPU.ActiveCfg = Release|Any CPU
		{1AD69597-7BDE-4F59-975B-BD555E7A47A6}.Release|Any CPU.Build.0 = Release|Any CPU
		{1AD69597-7BDE-4F59-975B-BD555E7A47A6}.Release|Any CPU.Deploy.0 = Release|Any CPU
		{1AD69597-7BDE-4F59-975B-BD555E7A47A6}.Release|ARM.ActiveCfg = Release|Any CPU
		{1AD69597-7BDE-4F59-975B-BD555E7A47A6}.Release|ARM.Build.0 = Release|Any CPU
		{1AD69597-7BDE-4F59-975B-BD555E7A47A6}.Release|ARM.Deploy.0 = Release|Any CPU
		{1AD69597-7BDE-4F59-975B-BD555E7A47A6}.Release|iPhone.ActiveCfg = Release|Any CPU
		{1AD69597-7BDE-4F59-975B-BD555E7A47A6}.Release|iPhone.Build.0 = Release|Any CPU
		{1AD69597-7BDE-4F59-975B-BD555E7A47A6}.Release|iPhone.Deploy.0 = Release|Any CPU
		{1AD69597-7BDE-4F59-975B-BD555E7A47A6}.Release|iPhoneSimulator.ActiveCfg = Release|Any CPU
		{1AD69597-7BDE-4F59-975B-BD555E7A47A6}.Release|iPhoneSimulator.Build.0 = Release|Any CPU
		{1AD69597-7BDE-4F59-975B-BD555E7A47A6}.Release|iPhoneSimulator.Deploy.0 = Release|Any CPU
		{1AD69597-7BDE-4F59-975B-BD555E7A47A6}.Release|x64.ActiveCfg = Release|Any CPU
		{1AD69597-7BDE-4F59-975B-BD555E7A47A6}.Release|x64.Build.0 = Release|Any CPU
		{1AD69597-7BDE-4F59-975B-BD555E7A47A6}.Release|x64.Deploy.0 = Release|Any CPU
		{1AD69597-7BDE-4F59-975B-BD555E7A47A6}.Release|x86.ActiveCfg = Release|Any CPU
		{1AD69597-7BDE-4F59-975B-BD555E7A47A6}.Release|x86.Build.0 = Release|Any CPU
		{1AD69597-7BDE-4F59-975B-BD555E7A47A6}.Release|x86.Deploy.0 = Release|Any CPU
		{6055B054-61C9-416D-93CC-229E3237FE3E}.Ad-Hoc|Any CPU.ActiveCfg = Release|Any CPU
		{6055B054-61C9-416D-93CC-229E3237FE3E}.Ad-Hoc|Any CPU.Build.0 = Release|Any CPU
		{6055B054-61C9-416D-93CC-229E3237FE3E}.Ad-Hoc|ARM.ActiveCfg = Release|Any CPU
		{6055B054-61C9-416D-93CC-229E3237FE3E}.Ad-Hoc|ARM.Build.0 = Release|Any CPU
		{6055B054-61C9-416D-93CC-229E3237FE3E}.Ad-Hoc|iPhone.ActiveCfg = Release|Any CPU
		{6055B054-61C9-416D-93CC-229E3237FE3E}.Ad-Hoc|iPhone.Build.0 = Release|Any CPU
		{6055B054-61C9-416D-93CC-229E3237FE3E}.Ad-Hoc|iPhoneSimulator.ActiveCfg = Release|Any CPU
		{6055B054-61C9-416D-93CC-229E3237FE3E}.Ad-Hoc|iPhoneSimulator.Build.0 = Release|Any CPU
		{6055B054-61C9-416D-93CC-229E3237FE3E}.Ad-Hoc|x64.ActiveCfg = Release|Any CPU
		{6055B054-61C9-416D-93CC-229E3237FE3E}.Ad-Hoc|x64.Build.0 = Release|Any CPU
		{6055B054-61C9-416D-93CC-229E3237FE3E}.Ad-Hoc|x86.ActiveCfg = Release|Any CPU
		{6055B054-61C9-416D-93CC-229E3237FE3E}.Ad-Hoc|x86.Build.0 = Release|Any CPU
		{6055B054-61C9-416D-93CC-229E3237FE3E}.AppStore|Any CPU.ActiveCfg = Release|Any CPU
		{6055B054-61C9-416D-93CC-229E3237FE3E}.AppStore|Any CPU.Build.0 = Release|Any CPU
		{6055B054-61C9-416D-93CC-229E3237FE3E}.AppStore|ARM.ActiveCfg = Release|Any CPU
		{6055B054-61C9-416D-93CC-229E3237FE3E}.AppStore|ARM.Build.0 = Release|Any CPU
		{6055B054-61C9-416D-93CC-229E3237FE3E}.AppStore|iPhone.ActiveCfg = Release|Any CPU
		{6055B054-61C9-416D-93CC-229E3237FE3E}.AppStore|iPhone.Build.0 = Release|Any CPU
		{6055B054-61C9-416D-93CC-229E3237FE3E}.AppStore|iPhoneSimulator.ActiveCfg = Release|Any CPU
		{6055B054-61C9-416D-93CC-229E3237FE3E}.AppStore|iPhoneSimulator.Build.0 = Release|Any CPU
		{6055B054-61C9-416D-93CC-229E3237FE3E}.AppStore|x64.ActiveCfg = Release|Any CPU
		{6055B054-61C9-416D-93CC-229E3237FE3E}.AppStore|x64.Build.0 = Release|Any CPU
		{6055B054-61C9-416D-93CC-229E3237FE3E}.AppStore|x86.ActiveCfg = Release|Any CPU
		{6055B054-61C9-416D-93CC-229E3237FE3E}.AppStore|x86.Build.0 = Release|Any CPU
		{6055B054-61C9-416D-93CC-229E3237FE3E}.Debug|Any CPU.ActiveCfg = Debug|Any CPU
		{6055B054-61C9-416D-93CC-229E3237FE3E}.Debug|Any CPU.Build.0 = Debug|Any CPU
		{6055B054-61C9-416D-93CC-229E3237FE3E}.Debug|ARM.ActiveCfg = Debug|Any CPU
		{6055B054-61C9-416D-93CC-229E3237FE3E}.Debug|ARM.Build.0 = Debug|Any CPU
		{6055B054-61C9-416D-93CC-229E3237FE3E}.Debug|iPhone.ActiveCfg = Debug|Any CPU
		{6055B054-61C9-416D-93CC-229E3237FE3E}.Debug|iPhone.Build.0 = Debug|Any CPU
		{6055B054-61C9-416D-93CC-229E3237FE3E}.Debug|iPhoneSimulator.ActiveCfg = Debug|Any CPU
		{6055B054-61C9-416D-93CC-229E3237FE3E}.Debug|iPhoneSimulator.Build.0 = Debug|Any CPU
		{6055B054-61C9-416D-93CC-229E3237FE3E}.Debug|x64.ActiveCfg = Debug|Any CPU
		{6055B054-61C9-416D-93CC-229E3237FE3E}.Debug|x64.Build.0 = Debug|Any CPU
		{6055B054-61C9-416D-93CC-229E3237FE3E}.Debug|x86.ActiveCfg = Debug|Any CPU
		{6055B054-61C9-416D-93CC-229E3237FE3E}.Debug|x86.Build.0 = Debug|Any CPU
		{6055B054-61C9-416D-93CC-229E3237FE3E}.Release|Any CPU.ActiveCfg = Release|Any CPU
		{6055B054-61C9-416D-93CC-229E3237FE3E}.Release|Any CPU.Build.0 = Release|Any CPU
		{6055B054-61C9-416D-93CC-229E3237FE3E}.Release|ARM.ActiveCfg = Release|Any CPU
		{6055B054-61C9-416D-93CC-229E3237FE3E}.Release|ARM.Build.0 = Release|Any CPU
		{6055B054-61C9-416D-93CC-229E3237FE3E}.Release|iPhone.ActiveCfg = Release|Any CPU
		{6055B054-61C9-416D-93CC-229E3237FE3E}.Release|iPhone.Build.0 = Release|Any CPU
		{6055B054-61C9-416D-93CC-229E3237FE3E}.Release|iPhoneSimulator.ActiveCfg = Release|Any CPU
		{6055B054-61C9-416D-93CC-229E3237FE3E}.Release|iPhoneSimulator.Build.0 = Release|Any CPU
		{6055B054-61C9-416D-93CC-229E3237FE3E}.Release|x64.ActiveCfg = Release|Any CPU
		{6055B054-61C9-416D-93CC-229E3237FE3E}.Release|x64.Build.0 = Release|Any CPU
		{6055B054-61C9-416D-93CC-229E3237FE3E}.Release|x86.ActiveCfg = Release|Any CPU
		{6055B054-61C9-416D-93CC-229E3237FE3E}.Release|x86.Build.0 = Release|Any CPU
		{5FF53240-4C06-4AB2-8E98-DB30BC065D43}.Ad-Hoc|Any CPU.ActiveCfg = Release|x86
		{5FF53240-4C06-4AB2-8E98-DB30BC065D43}.Ad-Hoc|Any CPU.Build.0 = Release|x86
		{5FF53240-4C06-4AB2-8E98-DB30BC065D43}.Ad-Hoc|Any CPU.Deploy.0 = Release|x86
		{5FF53240-4C06-4AB2-8E98-DB30BC065D43}.Ad-Hoc|ARM.ActiveCfg = Release|ARM
		{5FF53240-4C06-4AB2-8E98-DB30BC065D43}.Ad-Hoc|ARM.Build.0 = Release|ARM
		{5FF53240-4C06-4AB2-8E98-DB30BC065D43}.Ad-Hoc|ARM.Deploy.0 = Release|ARM
		{5FF53240-4C06-4AB2-8E98-DB30BC065D43}.Ad-Hoc|iPhone.ActiveCfg = Release|x86
		{5FF53240-4C06-4AB2-8E98-DB30BC065D43}.Ad-Hoc|iPhone.Build.0 = Release|x86
		{5FF53240-4C06-4AB2-8E98-DB30BC065D43}.Ad-Hoc|iPhone.Deploy.0 = Release|x86
		{5FF53240-4C06-4AB2-8E98-DB30BC065D43}.Ad-Hoc|iPhoneSimulator.ActiveCfg = Release|x86
		{5FF53240-4C06-4AB2-8E98-DB30BC065D43}.Ad-Hoc|iPhoneSimulator.Build.0 = Release|x86
		{5FF53240-4C06-4AB2-8E98-DB30BC065D43}.Ad-Hoc|iPhoneSimulator.Deploy.0 = Release|x86
		{5FF53240-4C06-4AB2-8E98-DB30BC065D43}.Ad-Hoc|x64.ActiveCfg = Release|x64
		{5FF53240-4C06-4AB2-8E98-DB30BC065D43}.Ad-Hoc|x64.Build.0 = Release|x64
		{5FF53240-4C06-4AB2-8E98-DB30BC065D43}.Ad-Hoc|x64.Deploy.0 = Release|x64
		{5FF53240-4C06-4AB2-8E98-DB30BC065D43}.Ad-Hoc|x86.ActiveCfg = Release|x86
		{5FF53240-4C06-4AB2-8E98-DB30BC065D43}.Ad-Hoc|x86.Build.0 = Release|x86
		{5FF53240-4C06-4AB2-8E98-DB30BC065D43}.Ad-Hoc|x86.Deploy.0 = Release|x86
		{5FF53240-4C06-4AB2-8E98-DB30BC065D43}.AppStore|Any CPU.ActiveCfg = Release|x86
		{5FF53240-4C06-4AB2-8E98-DB30BC065D43}.AppStore|Any CPU.Build.0 = Release|x86
		{5FF53240-4C06-4AB2-8E98-DB30BC065D43}.AppStore|Any CPU.Deploy.0 = Release|x86
		{5FF53240-4C06-4AB2-8E98-DB30BC065D43}.AppStore|ARM.ActiveCfg = Release|ARM
		{5FF53240-4C06-4AB2-8E98-DB30BC065D43}.AppStore|ARM.Build.0 = Release|ARM
		{5FF53240-4C06-4AB2-8E98-DB30BC065D43}.AppStore|ARM.Deploy.0 = Release|ARM
		{5FF53240-4C06-4AB2-8E98-DB30BC065D43}.AppStore|iPhone.ActiveCfg = Release|x86
		{5FF53240-4C06-4AB2-8E98-DB30BC065D43}.AppStore|iPhone.Build.0 = Release|x86
		{5FF53240-4C06-4AB2-8E98-DB30BC065D43}.AppStore|iPhone.Deploy.0 = Release|x86
		{5FF53240-4C06-4AB2-8E98-DB30BC065D43}.AppStore|iPhoneSimulator.ActiveCfg = Release|x86
		{5FF53240-4C06-4AB2-8E98-DB30BC065D43}.AppStore|iPhoneSimulator.Build.0 = Release|x86
		{5FF53240-4C06-4AB2-8E98-DB30BC065D43}.AppStore|iPhoneSimulator.Deploy.0 = Release|x86
		{5FF53240-4C06-4AB2-8E98-DB30BC065D43}.AppStore|x64.ActiveCfg = Release|x64
		{5FF53240-4C06-4AB2-8E98-DB30BC065D43}.AppStore|x64.Build.0 = Release|x64
		{5FF53240-4C06-4AB2-8E98-DB30BC065D43}.AppStore|x64.Deploy.0 = Release|x64
		{5FF53240-4C06-4AB2-8E98-DB30BC065D43}.AppStore|x86.ActiveCfg = Release|x86
		{5FF53240-4C06-4AB2-8E98-DB30BC065D43}.AppStore|x86.Build.0 = Release|x86
		{5FF53240-4C06-4AB2-8E98-DB30BC065D43}.AppStore|x86.Deploy.0 = Release|x86
		{5FF53240-4C06-4AB2-8E98-DB30BC065D43}.Debug|Any CPU.ActiveCfg = Debug|x86
		{5FF53240-4C06-4AB2-8E98-DB30BC065D43}.Debug|ARM.ActiveCfg = Debug|ARM
		{5FF53240-4C06-4AB2-8E98-DB30BC065D43}.Debug|ARM.Build.0 = Debug|ARM
		{5FF53240-4C06-4AB2-8E98-DB30BC065D43}.Debug|ARM.Deploy.0 = Debug|ARM
		{5FF53240-4C06-4AB2-8E98-DB30BC065D43}.Debug|iPhone.ActiveCfg = Debug|x86
		{5FF53240-4C06-4AB2-8E98-DB30BC065D43}.Debug|iPhoneSimulator.ActiveCfg = Debug|x86
		{5FF53240-4C06-4AB2-8E98-DB30BC065D43}.Debug|x64.ActiveCfg = Debug|x64
		{5FF53240-4C06-4AB2-8E98-DB30BC065D43}.Debug|x64.Build.0 = Debug|x64
		{5FF53240-4C06-4AB2-8E98-DB30BC065D43}.Debug|x64.Deploy.0 = Debug|x64
		{5FF53240-4C06-4AB2-8E98-DB30BC065D43}.Debug|x86.ActiveCfg = Debug|x86
		{5FF53240-4C06-4AB2-8E98-DB30BC065D43}.Debug|x86.Build.0 = Debug|x86
		{5FF53240-4C06-4AB2-8E98-DB30BC065D43}.Debug|x86.Deploy.0 = Debug|x86
		{5FF53240-4C06-4AB2-8E98-DB30BC065D43}.Release|Any CPU.ActiveCfg = Release|x86
		{5FF53240-4C06-4AB2-8E98-DB30BC065D43}.Release|ARM.ActiveCfg = Release|ARM
		{5FF53240-4C06-4AB2-8E98-DB30BC065D43}.Release|ARM.Build.0 = Release|ARM
		{5FF53240-4C06-4AB2-8E98-DB30BC065D43}.Release|ARM.Deploy.0 = Release|ARM
		{5FF53240-4C06-4AB2-8E98-DB30BC065D43}.Release|iPhone.ActiveCfg = Release|x86
		{5FF53240-4C06-4AB2-8E98-DB30BC065D43}.Release|iPhoneSimulator.ActiveCfg = Release|x86
		{5FF53240-4C06-4AB2-8E98-DB30BC065D43}.Release|x64.ActiveCfg = Release|x64
		{5FF53240-4C06-4AB2-8E98-DB30BC065D43}.Release|x64.Build.0 = Release|x64
		{5FF53240-4C06-4AB2-8E98-DB30BC065D43}.Release|x64.Deploy.0 = Release|x64
		{5FF53240-4C06-4AB2-8E98-DB30BC065D43}.Release|x86.ActiveCfg = Release|x86
		{5FF53240-4C06-4AB2-8E98-DB30BC065D43}.Release|x86.Build.0 = Release|x86
		{5FF53240-4C06-4AB2-8E98-DB30BC065D43}.Release|x86.Deploy.0 = Release|x86
		{C8A24755-BA7B-4373-8F14-CE0ED51278AD}.Ad-Hoc|Any CPU.ActiveCfg = Ad-Hoc|iPhone
		{C8A24755-BA7B-4373-8F14-CE0ED51278AD}.Ad-Hoc|ARM.ActiveCfg = Ad-Hoc|iPhone
		{C8A24755-BA7B-4373-8F14-CE0ED51278AD}.Ad-Hoc|iPhone.ActiveCfg = Ad-Hoc|iPhone
		{C8A24755-BA7B-4373-8F14-CE0ED51278AD}.Ad-Hoc|iPhone.Build.0 = Ad-Hoc|iPhone
		{C8A24755-BA7B-4373-8F14-CE0ED51278AD}.Ad-Hoc|iPhoneSimulator.ActiveCfg = Ad-Hoc|iPhoneSimulator
		{C8A24755-BA7B-4373-8F14-CE0ED51278AD}.Ad-Hoc|iPhoneSimulator.Build.0 = Ad-Hoc|iPhoneSimulator
		{C8A24755-BA7B-4373-8F14-CE0ED51278AD}.Ad-Hoc|x64.ActiveCfg = Ad-Hoc|iPhone
		{C8A24755-BA7B-4373-8F14-CE0ED51278AD}.Ad-Hoc|x86.ActiveCfg = Ad-Hoc|iPhone
		{C8A24755-BA7B-4373-8F14-CE0ED51278AD}.AppStore|Any CPU.ActiveCfg = AppStore|iPhone
		{C8A24755-BA7B-4373-8F14-CE0ED51278AD}.AppStore|ARM.ActiveCfg = AppStore|iPhone
		{C8A24755-BA7B-4373-8F14-CE0ED51278AD}.AppStore|iPhone.ActiveCfg = AppStore|iPhone
		{C8A24755-BA7B-4373-8F14-CE0ED51278AD}.AppStore|iPhone.Build.0 = AppStore|iPhone
		{C8A24755-BA7B-4373-8F14-CE0ED51278AD}.AppStore|iPhoneSimulator.ActiveCfg = AppStore|iPhoneSimulator
		{C8A24755-BA7B-4373-8F14-CE0ED51278AD}.AppStore|iPhoneSimulator.Build.0 = AppStore|iPhoneSimulator
		{C8A24755-BA7B-4373-8F14-CE0ED51278AD}.AppStore|x64.ActiveCfg = AppStore|iPhone
		{C8A24755-BA7B-4373-8F14-CE0ED51278AD}.AppStore|x86.ActiveCfg = AppStore|iPhone
		{C8A24755-BA7B-4373-8F14-CE0ED51278AD}.Debug|Any CPU.ActiveCfg = Debug|iPhone
		{C8A24755-BA7B-4373-8F14-CE0ED51278AD}.Debug|ARM.ActiveCfg = Debug|iPhone
		{C8A24755-BA7B-4373-8F14-CE0ED51278AD}.Debug|iPhone.ActiveCfg = Debug|iPhone
		{C8A24755-BA7B-4373-8F14-CE0ED51278AD}.Debug|iPhone.Build.0 = Debug|iPhone
		{C8A24755-BA7B-4373-8F14-CE0ED51278AD}.Debug|iPhoneSimulator.ActiveCfg = Debug|iPhoneSimulator
		{C8A24755-BA7B-4373-8F14-CE0ED51278AD}.Debug|iPhoneSimulator.Build.0 = Debug|iPhoneSimulator
		{C8A24755-BA7B-4373-8F14-CE0ED51278AD}.Debug|x64.ActiveCfg = Debug|iPhone
		{C8A24755-BA7B-4373-8F14-CE0ED51278AD}.Debug|x86.ActiveCfg = Debug|iPhone
		{C8A24755-BA7B-4373-8F14-CE0ED51278AD}.Release|Any CPU.ActiveCfg = Release|iPhone
		{C8A24755-BA7B-4373-8F14-CE0ED51278AD}.Release|ARM.ActiveCfg = Release|iPhone
		{C8A24755-BA7B-4373-8F14-CE0ED51278AD}.Release|iPhone.ActiveCfg = Release|iPhone
		{C8A24755-BA7B-4373-8F14-CE0ED51278AD}.Release|iPhone.Build.0 = Release|iPhone
		{C8A24755-BA7B-4373-8F14-CE0ED51278AD}.Release|iPhoneSimulator.ActiveCfg = Release|iPhoneSimulator
		{C8A24755-BA7B-4373-8F14-CE0ED51278AD}.Release|iPhoneSimulator.Build.0 = Release|iPhoneSimulator
		{C8A24755-BA7B-4373-8F14-CE0ED51278AD}.Release|x64.ActiveCfg = Release|iPhone
		{C8A24755-BA7B-4373-8F14-CE0ED51278AD}.Release|x86.ActiveCfg = Release|iPhone
	EndGlobalSection
	GlobalSection(SolutionProperties) = preSolution
		HideSolutionNode = FALSE
	EndGlobalSection
	GlobalSection(ExtensibilityGlobals) = postSolution
		SolutionGuid = {FAF8C02B-3366-435C-82F6-D6A3DDB7C3FF}
	EndGlobalSection
EndGlobal
